
Microsoft Visual Studio Solution File, Format Version 12.00
# Visual Studio 15
VisualStudioVersion = 15.0.27703.2035
MinimumVisualStudioVersion = 10.0.40219.1
Project("{8BC9CEB8-8B4A-11D0-8D11-00A0C91BC942}") = "FYP", "FYP\FYP.vcxproj", "{AB58ADA2-4E2D-44D2-97F0-7CF85BDA172D}"
EndProject
Global
	GlobalSection(SolutionConfigurationPlatforms) = preSolution
		Debug|x64 = Debug|x64
		Debug|x86 = Debug|x86
		Release|x64 = Release|x64
		Release|x86 = Release|x86
	EndGlobalSection
	GlobalSection(ProjectConfigurationPlatforms) = postSolution
		{AB58ADA2-4E2D-44D2-97F0-7CF85BDA172D}.Debug|x64.ActiveCfg = Debug|x64
		{AB58ADA2-4E2D-44D2-97F0-7CF85BDA172D}.Debug|x64.Build.0 = Debug|x64
		{AB58ADA2-4E2D-44D2-97F0-7CF85BDA172D}.Debug|x86.ActiveCfg = Debug|Win32
		{AB58ADA2-4E2D-44D2-97F0-7CF85BDA172D}.Debug|x86.Build.0 = Debug|Win32
		{AB58ADA2-4E2D-44D2-97F0-7CF85BDA172D}.Release|x64.ActiveCfg = Release|x64
		{AB58ADA2-4E2D-44D2-97F0-7CF85BDA172D}.Release|x64.Build.0 = Release|x64
		{AB58ADA2-4E2D-44D2-97F0-7CF85BDA172D}.Release|x86.ActiveCfg = Release|Win32
		{AB58ADA2-4E2D-44D2-97F0-7CF85BDA172D}.Release|x86.Build.0 = Release|Win32
	EndGlobalSection
	GlobalSection(SolutionProperties) = preSolution
		HideSolutionNode = FALSE
	EndGlobalSection
	GlobalSection(ExtensibilityGlobals) = postSolution
		SolutionGuid = {30962E27-6B92-4637-A14A-8E50524D273C}
	EndGlobalSection
EndGlobal
