<?xml version="1.0" encoding="utf-8"?>
<Project ToolsVersion="4.0" xmlns="http://schemas.microsoft.com/developer/msbuild/2003">
  <ItemGroup>
    <Filter Include="Source Files">
      <UniqueIdentifier>{4FC737F1-C7A5-4376-A066-2A32D752A2FF}</UniqueIdentifier>
      <Extensions>cpp;c;cc;cxx;def;odl;idl;hpj;bat;asm;asmx</Extensions>
    </Filter>
    <Filter Include="Header Files">
      <UniqueIdentifier>{93995380-89BD-4b04-88EB-625FBE52EBFB}</UniqueIdentifier>
      <Extensions>h;hh;hpp;hxx;hm;inl;inc;ipp;xsd</Extensions>
    </Filter>
    <Filter Include="Resource Files">
      <UniqueIdentifier>{67DA6AB6-F800-4c08-8B7A-83BB121AAD01}</UniqueIdentifier>
      <Extensions>rc;ico;cur;bmp;dlg;rc2;rct;bin;rgs;gif;jpg;jpeg;jpe;resx;tiff;tif;png;wav;mfcribbon-ms</Extensions>
    </Filter>
  </ItemGroup>
  <ItemGroup>
    <ClInclude Include="Include\Headers\ContextDecisionMaker.h">
      <Filter>Header Files</Filter>
    </ClInclude>
    <ClInclude Include="Include\Headers\ContextMap.h">
      <Filter>Header Files</Filter>
    </ClInclude>
    <ClInclude Include="Include\Headers\DirectionalLine.h">
      <Filter>Header Files</Filter>
    </ClInclude>
    <ClInclude Include="Include\Headers\FrayAI.h">
      <Filter>Header Files</Filter>
    </ClInclude>
    <ClInclude Include="Include\Headers\Game.h">
      <Filter>Header Files</Filter>
    </ClInclude>
    <ClInclude Include="Include\Headers\InterpolatingAI.h">
      <Filter>Header Files</Filter>
    </ClInclude>
    <ClInclude Include="Include\Headers\LevelLoader.h">
      <Filter>Header Files</Filter>
    </ClInclude>
    <ClInclude Include="Include\Headers\MathHelper.h">
      <Filter>Header Files</Filter>
    </ClInclude>
    <ClInclude Include="Include\Headers\main.h">
      <Filter>Header Files</Filter>
    </ClInclude>
    <ClInclude Include="Include\Headers\Obstacle.h">
      <Filter>Header Files</Filter>
    </ClInclude>
    <ClInclude Include="Include\Headers\Player.h">
      <Filter>Header Files</Filter>
    </ClInclude>
    <ClInclude Include="Include\Headers\Traditional.h">
      <Filter>Header Files</Filter>
    </ClInclude>
    <ClInclude Include="Include\Headers\EfficiencyAI.h">
      <Filter>Header Files</Filter>
    </ClInclude>
    <ClInclude Include="Include\Headers\InterpolatingTwo.h">
      <Filter>Header Files</Filter>
    </ClInclude>
    <ClInclude Include="Include\Headers\DynamicVectorAI.h">
      <Filter>Header Files</Filter>
    </ClInclude>
    <ClInclude Include="Include\Headers\Enemy.h">
      <Filter>Header Files</Filter>
    </ClInclude>
    <ClInclude Include="Include\Menus\DemoScreen.h">
      <Filter>Header Files</Filter>
    </ClInclude>
    <ClInclude Include="Include\Menus\MainMenu.h">
      <Filter>Header Files</Filter>
    </ClInclude>
    <ClInclude Include="Include\Menus\Options.h">
      <Filter>Header Files</Filter>
    </ClInclude>
    <ClInclude Include="Include\Menus\State.h">
      <Filter>Header Files</Filter>
    </ClInclude>
    <ClInclude Include="Include\Headers\Button.h">
      <Filter>Header Files</Filter>
    </ClInclude>
    <ClInclude Include="Include\Headers\Label.h">
      <Filter>Header Files</Filter>
    </ClInclude>
    <ClInclude Include="Include\Headers\TestBot.h">
      <Filter>Header Files</Filter>
    </ClInclude>
    <ClInclude Include="Include\Headers\Path.h">
      <Filter>Header Files</Filter>
    </ClInclude>
    <ClInclude Include="spline_library\splines\cubic_hermite_spline.h">
      <Filter>Header Files</Filter>
    </ClInclude>
    <ClInclude Include="spline_library\splines\generic_b_spline.h">
      <Filter>Header Files</Filter>
    </ClInclude>
    <ClInclude Include="spline_library\splines\natural_spline.h">
      <Filter>Header Files</Filter>
    </ClInclude>
    <ClInclude Include="spline_library\splines\quintic_hermite_spline.h">
      <Filter>Header Files</Filter>
    </ClInclude>
    <ClInclude Include="spline_library\splines\uniform_cr_spline.h">
      <Filter>Header Files</Filter>
    </ClInclude>
    <ClInclude Include="spline_library\splines\uniform_cubic_bspline.h">
      <Filter>Header Files</Filter>
    </ClInclude>
    <ClInclude Include="spline_library\utils\calculus.h">
      <Filter>Header Files</Filter>
    </ClInclude>
    <ClInclude Include="spline_library\utils\linearalgebra.h">
      <Filter>Header Files</Filter>
    </ClInclude>
    <ClInclude Include="spline_library\utils\nanoflann.hpp">
      <Filter>Header Files</Filter>
    </ClInclude>
    <ClInclude Include="spline_library\utils\spline_common.h">
      <Filter>Header Files</Filter>
    </ClInclude>
    <ClInclude Include="spline_library\utils\splinesample_adaptor.h">
      <Filter>Header Files</Filter>
    </ClInclude>
    <ClInclude Include="spline_library\spline.h">
      <Filter>Header Files</Filter>
    </ClInclude>
    <ClInclude Include="spline_library\vector.h">
      <Filter>Header Files</Filter>
    </ClInclude>
    <ClInclude Include="imgui\imconfig.h">
      <Filter>Header Files</Filter>
    </ClInclude>
    <ClInclude Include="imgui\imgui.h">
      <Filter>Header Files</Filter>
    </ClInclude>
    <ClInclude Include="imgui\imgui_internal.h">
      <Filter>Header Files</Filter>
    </ClInclude>
    <ClInclude Include="imgui\imstb_rectpack.h">
      <Filter>Header Files</Filter>
    </ClInclude>
    <ClInclude Include="imgui\imstb_textedit.h">
      <Filter>Header Files</Filter>
    </ClInclude>
    <ClInclude Include="imgui\imstb_truetype.h">
      <Filter>Header Files</Filter>
    </ClInclude>
    <ClInclude Include="Include\Menus\GameScreen.h">
      <Filter>Header Files</Filter>
    </ClInclude>
    <ClInclude Include="imgui\imgui-SFML.h">
      <Filter>Header Files</Filter>
    </ClInclude>
    <ClInclude Include="Include\Headers\Tile.h">
      <Filter>Header Files</Filter>
    </ClInclude>
    <ClInclude Include="spline\spline\src\main\cpp\CatmullRom.h">
      <Filter>Header Files</Filter>
    </ClInclude>
  </ItemGroup>
  <ItemGroup>
    <ClCompile Include="src\EfficiencyAI.cpp">
      <Filter>Source Files</Filter>
    </ClCompile>
    <ClCompile Include="src\Traditional.cpp">
      <Filter>Source Files</Filter>
    </ClCompile>
    <ClCompile Include="src\Player.cpp">
      <Filter>Source Files</Filter>
    </ClCompile>
    <ClCompile Include="src\Obstacle.cpp">
      <Filter>Source Files</Filter>
    </ClCompile>
    <ClCompile Include="src\MathHelper.cpp">
      <Filter>Source Files</Filter>
    </ClCompile>
    <ClCompile Include="src\main.cpp">
      <Filter>Source Files</Filter>
    </ClCompile>
    <ClCompile Include="src\LevelLoader.cpp">
      <Filter>Source Files</Filter>
    </ClCompile>
    <ClCompile Include="src\InterpolatingAI.cpp">
      <Filter>Source Files</Filter>
    </ClCompile>
    <ClCompile Include="src\Game.cpp">
      <Filter>Source Files</Filter>
    </ClCompile>
    <ClCompile Include="src\FrayAI.cpp">
      <Filter>Source Files</Filter>
    </ClCompile>
    <ClCompile Include="src\DirectionalLine.cpp">
      <Filter>Source Files</Filter>
    </ClCompile>
    <ClCompile Include="src\ContextMap.cpp">
      <Filter>Source Files</Filter>
    </ClCompile>
    <ClCompile Include="src\ContextDecisionMaker.cpp">
      <Filter>Source Files</Filter>
    </ClCompile>
    <ClCompile Include="src\InterpolatingTwo.cpp">
      <Filter>Source Files</Filter>
    </ClCompile>
    <ClCompile Include="src\DynamicVectorAI.cpp">
      <Filter>Source Files</Filter>
    </ClCompile>
    <ClCompile Include="src\Menus\DemoScreen.cpp">
      <Filter>Source Files</Filter>
    </ClCompile>
    <ClCompile Include="src\Menus\MainMenu.cpp">
      <Filter>Source Files</Filter>
    </ClCompile>
    <ClCompile Include="src\Menus\Options.cpp">
      <Filter>Source Files</Filter>
    </ClCompile>
    <ClCompile Include="src\Button.cpp">
      <Filter>Source Files</Filter>
    </ClCompile>
    <ClCompile Include="src\TestBot.cpp">
      <Filter>Source Files</Filter>
    </ClCompile>
    <ClCompile Include="src\Path.cpp">
      <Filter>Source Files</Filter>
    </ClCompile>
    <ClCompile Include="src\Label.cpp">
      <Filter>Source Files</Filter>
    </ClCompile>
    <ClCompile Include="imgui\imgui.cpp">
      <Filter>Source Files</Filter>
    </ClCompile>
    <ClCompile Include="imgui\imgui_demo.cpp">
      <Filter>Source Files</Filter>
    </ClCompile>
    <ClCompile Include="imgui\imgui_draw.cpp">
      <Filter>Source Files</Filter>
    </ClCompile>
    <ClCompile Include="imgui\imgui_widgets.cpp">
      <Filter>Source Files</Filter>
    </ClCompile>
    <ClCompile Include="src\Menus\GameScreen.cpp">
      <Filter>Source Files</Filter>
    </ClCompile>
    <ClCompile Include="imgui\imgui-SFML.cpp">
      <Filter>Source Files</Filter>
    </ClCompile>
    <ClCompile Include="src\Tile.cpp">
      <Filter>Source Files</Filter>
    </ClCompile>
  </ItemGroup>
</Project>